{
  "version": 4,
  "terraform_version": "1.2.3",
  "serial": 6,
  "lineage": "3b7eb710-256c-36de-bf19-6fa7e7ec7468",
  "outputs": {
    "gcs-bucket": {
      "value": [
        {
          "cors": [],
          "default_event_based_hold": false,
          "encryption": [],
          "force_destroy": false,
          "id": "priya-terraform-bucket",
          "labels": {
            "env": "dev"
          },
          "lifecycle_rule": [
            {
              "action": [
                {
                  "storage_class": "NEARLINE",
                  "type": "SetStorageClass"
                }
              ],
              "condition": [
                {
                  "age": 30,
                  "created_before": "",
                  "custom_time_before": "",
                  "days_since_custom_time": 0,
                  "days_since_noncurrent_time": 0,
                  "matches_storage_class": [],
                  "noncurrent_time_before": "",
                  "num_newer_versions": 0,
                  "with_state": "ANY"
                }
              ]
            }
          ],
          "location": "ASIA-SOUTH1",
          "logging": [],
          "name": "priya-terraform-bucket",
          "project": "searce-playground-v1",
          "requester_pays": false,
          "retention_policy": [],
          "self_link": "https://www.googleapis.com/storage/v1/b/priya-terraform-bucket",
          "storage_class": "STANDARD",
          "timeouts": null,
          "uniform_bucket_level_access": true,
          "url": "gs://priya-terraform-bucket",
          "versioning": [
            {
              "enabled": true
            }
          ],
          "website": []
        },
        {
          "cors": [],
          "default_event_based_hold": false,
          "encryption": [],
          "force_destroy": false,
          "id": "priya-new-terraform-bucket",
          "labels": {
            "env": "dev"
          },
          "lifecycle_rule": [],
          "location": "ASIA-SOUTH1",
          "logging": [],
          "name": "priya-new-terraform-bucket",
          "project": "searce-playground-v1",
          "requester_pays": false,
          "retention_policy": [],
          "self_link": "https://www.googleapis.com/storage/v1/b/priya-new-terraform-bucket",
          "storage_class": "STANDARD",
          "timeouts": null,
          "uniform_bucket_level_access": false,
          "url": "gs://priya-new-terraform-bucket",
          "versioning": [
            {
              "enabled": false
            }
          ],
          "website": []
        }
      ],
      "type": [
        "tuple",
        [
          [
            "object",
            {
              "cors": [
                "list",
                [
                  "object",
                  {
                    "max_age_seconds": "number",
                    "method": [
                      "list",
                      "string"
                    ],
                    "origin": [
                      "list",
                      "string"
                    ],
                    "response_header": [
                      "list",
                      "string"
                    ]
                  }
                ]
              ],
              "default_event_based_hold": "bool",
              "encryption": [
                "list",
                [
                  "object",
                  {
                    "default_kms_key_name": "string"
                  }
                ]
              ],
              "force_destroy": "bool",
              "id": "string",
              "labels": [
                "map",
                "string"
              ],
              "lifecycle_rule": [
                "list",
                [
                  "object",
                  {
                    "action": [
                      "set",
                      [
                        "object",
                        {
                          "storage_class": "string",
                          "type": "string"
                        }
                      ]
                    ],
                    "condition": [
                      "set",
                      [
                        "object",
                        {
                          "age": "number",
                          "created_before": "string",
                          "custom_time_before": "string",
                          "days_since_custom_time": "number",
                          "days_since_noncurrent_time": "number",
                          "matches_storage_class": [
                            "list",
                            "string"
                          ],
                          "noncurrent_time_before": "string",
                          "num_newer_versions": "number",
                          "with_state": "string"
                        }
                      ]
                    ]
                  }
                ]
              ],
              "location": "string",
              "logging": [
                "list",
                [
                  "object",
                  {
                    "log_bucket": "string",
                    "log_object_prefix": "string"
                  }
                ]
              ],
              "name": "string",
              "project": "string",
              "requester_pays": "bool",
              "retention_policy": [
                "list",
                [
                  "object",
                  {
                    "is_locked": "bool",
                    "retention_period": "number"
                  }
                ]
              ],
              "self_link": "string",
              "storage_class": "string",
              "timeouts": [
                "object",
                {
                  "create": "string",
                  "read": "string",
                  "update": "string"
                }
              ],
              "uniform_bucket_level_access": "bool",
              "url": "string",
              "versioning": [
                "list",
                [
                  "object",
                  {
                    "enabled": "bool"
                  }
                ]
              ],
              "website": [
                "list",
                [
                  "object",
                  {
                    "main_page_suffix": "string",
                    "not_found_page": "string"
                  }
                ]
              ]
            }
          ],
          [
            "object",
            {
              "cors": [
                "list",
                [
                  "object",
                  {
                    "max_age_seconds": "number",
                    "method": [
                      "list",
                      "string"
                    ],
                    "origin": [
                      "list",
                      "string"
                    ],
                    "response_header": [
                      "list",
                      "string"
                    ]
                  }
                ]
              ],
              "default_event_based_hold": "bool",
              "encryption": [
                "list",
                [
                  "object",
                  {
                    "default_kms_key_name": "string"
                  }
                ]
              ],
              "force_destroy": "bool",
              "id": "string",
              "labels": [
                "map",
                "string"
              ],
              "lifecycle_rule": [
                "list",
                [
                  "object",
                  {
                    "action": [
                      "set",
                      [
                        "object",
                        {
                          "storage_class": "string",
                          "type": "string"
                        }
                      ]
                    ],
                    "condition": [
                      "set",
                      [
                        "object",
                        {
                          "age": "number",
                          "created_before": "string",
                          "custom_time_before": "string",
                          "days_since_custom_time": "number",
                          "days_since_noncurrent_time": "number",
                          "matches_storage_class": [
                            "list",
                            "string"
                          ],
                          "noncurrent_time_before": "string",
                          "num_newer_versions": "number",
                          "with_state": "string"
                        }
                      ]
                    ]
                  }
                ]
              ],
              "location": "string",
              "logging": [
                "list",
                [
                  "object",
                  {
                    "log_bucket": "string",
                    "log_object_prefix": "string"
                  }
                ]
              ],
              "name": "string",
              "project": "string",
              "requester_pays": "bool",
              "retention_policy": [
                "list",
                [
                  "object",
                  {
                    "is_locked": "bool",
                    "retention_period": "number"
                  }
                ]
              ],
              "self_link": "string",
              "storage_class": "string",
              "timeouts": [
                "object",
                {
                  "create": "string",
                  "read": "string",
                  "update": "string"
                }
              ],
              "uniform_bucket_level_access": "bool",
              "url": "string",
              "versioning": [
                "list",
                [
                  "object",
                  {
                    "enabled": "bool"
                  }
                ]
              ],
              "website": [
                "list",
                [
                  "object",
                  {
                    "main_page_suffix": "string",
                    "not_found_page": "string"
                  }
                ]
              ]
            }
          ]
        ]
      ]
    },
    "gcs-bucket_name": {
      "value": [
        "priya-terraform-bucket",
        "priya-new-terraform-bucket"
      ],
      "type": [
        "tuple",
        [
          "string",
          "string"
        ]
      ]
    },
    "gcs-bucket_url": {
      "value": [
        "gs://priya-terraform-bucket",
        "gs://priya-new-terraform-bucket"
      ],
      "type": [
        "tuple",
        [
          "string",
          "string"
        ]
      ]
    }
  },
  "resources": [
    {
      "mode": "managed",
      "type": "google_storage_bucket_access_control",
      "name": "public_rule",
      "provider": "provider[\"registry.terraform.io/hashicorp/google\"]",
      "instances": [
        {
          "schema_version": 0,
          "attributes": {
            "bucket": "priya-new-terraform-bucket",
            "domain": "",
            "email": "",
            "entity": "allUsers",
            "id": "priya-new-terraform-bucket/allUsers",
            "role": "READER",
            "timeouts": null
          },
          "sensitive_attributes": [],
          "private": "eyJlMmJmYjczMC1lY2FhLTExZTYtOGY4OC0zNDM2M2JjN2M0YzAiOnsiY3JlYXRlIjoxMjAwMDAwMDAwMDAwLCJkZWxldGUiOjEyMDAwMDAwMDAwMDAsInVwZGF0ZSI6MTIwMDAwMDAwMDAwMH19",
          "dependencies": [
            "module.gcs-bucket.google_storage_bucket.bucket"
          ]
        }
      ]
    },
    {
      "module": "module.gcs-bucket[0]",
      "mode": "managed",
      "type": "google_storage_bucket",
      "name": "bucket",
      "provider": "provider[\"registry.terraform.io/hashicorp/google\"]",
      "instances": [
        {
          "schema_version": 0,
          "attributes": {
            "cors": [],
            "default_event_based_hold": false,
            "encryption": [],
            "force_destroy": false,
            "id": "priya-terraform-bucket",
            "labels": {
              "env": "dev"
            },
            "lifecycle_rule": [
              {
                "action": [
                  {
                    "storage_class": "NEARLINE",
                    "type": "SetStorageClass"
                  }
                ],
                "condition": [
                  {
                    "age": 30,
                    "created_before": "",
                    "custom_time_before": "",
                    "days_since_custom_time": 0,
                    "days_since_noncurrent_time": 0,
                    "matches_storage_class": [],
                    "noncurrent_time_before": "",
                    "num_newer_versions": 0,
                    "with_state": "ANY"
                  }
                ]
              }
            ],
            "location": "ASIA-SOUTH1",
            "logging": [],
            "name": "priya-terraform-bucket",
            "project": "searce-playground-v1",
            "requester_pays": false,
            "retention_policy": [],
            "self_link": "https://www.googleapis.com/storage/v1/b/priya-terraform-bucket",
            "storage_class": "STANDARD",
            "timeouts": null,
            "uniform_bucket_level_access": true,
            "url": "gs://priya-terraform-bucket",
            "versioning": [
              {
                "enabled": true
              }
            ],
            "website": []
          },
          "sensitive_attributes": [],
          "private": "eyJlMmJmYjczMC1lY2FhLTExZTYtOGY4OC0zNDM2M2JjN2M0YzAiOnsiY3JlYXRlIjoyNDAwMDAwMDAwMDAsInJlYWQiOjI0MDAwMDAwMDAwMCwidXBkYXRlIjoyNDAwMDAwMDAwMDB9fQ=="
        }
      ]
    },
    {
      "module": "module.gcs-bucket[0]",
      "mode": "managed",
      "type": "google_storage_bucket_iam_member",
      "name": "members",
      "provider": "provider[\"registry.terraform.io/hashicorp/google\"]",
      "instances": [
        {
          "index_key": "roles/storage.objectViewer user:priya.soni@searce.com",
          "schema_version": 0,
          "attributes": {
            "bucket": "b/priya-terraform-bucket",
            "condition": [],
            "etag": "CAI=",
            "id": "b/priya-terraform-bucket/roles/storage.objectViewer/user:priya.soni@searce.com",
            "member": "user:priya.soni@searce.com",
            "role": "roles/storage.objectViewer"
          },
          "sensitive_attributes": [],
          "private": "bnVsbA==",
          "dependencies": [
            "module.gcs-bucket.google_storage_bucket.bucket"
          ]
        }
      ]
    },
    {
      "module": "module.gcs-bucket[1]",
      "mode": "managed",
      "type": "google_storage_bucket",
      "name": "bucket",
      "provider": "provider[\"registry.terraform.io/hashicorp/google\"]",
      "instances": [
        {
          "schema_version": 0,
          "attributes": {
            "cors": [],
            "default_event_based_hold": false,
            "encryption": [],
            "force_destroy": false,
            "id": "priya-new-terraform-bucket",
            "labels": {
              "env": "dev"
            },
            "lifecycle_rule": [],
            "location": "ASIA-SOUTH1",
            "logging": [],
            "name": "priya-new-terraform-bucket",
            "project": "searce-playground-v1",
            "requester_pays": false,
            "retention_policy": [],
            "self_link": "https://www.googleapis.com/storage/v1/b/priya-new-terraform-bucket",
            "storage_class": "STANDARD",
            "timeouts": null,
            "uniform_bucket_level_access": false,
            "url": "gs://priya-new-terraform-bucket",
            "versioning": [
              {
                "enabled": false
              }
            ],
            "website": []
          },
          "sensitive_attributes": [],
          "private": "eyJlMmJmYjczMC1lY2FhLTExZTYtOGY4OC0zNDM2M2JjN2M0YzAiOnsiY3JlYXRlIjoyNDAwMDAwMDAwMDAsInJlYWQiOjI0MDAwMDAwMDAwMCwidXBkYXRlIjoyNDAwMDAwMDAwMDB9fQ=="
        }
      ]
    },
    {
      "module": "module.gcs-bucket[1]",
      "mode": "managed",
      "type": "google_storage_bucket_iam_member",
      "name": "members",
      "provider": "provider[\"registry.terraform.io/hashicorp/google\"]",
      "instances": [
        {
          "index_key": "roles/storage.objectViewer user:priya.soni@searce.com",
          "schema_version": 0,
          "attributes": {
            "bucket": "b/priya-new-terraform-bucket",
            "condition": [],
            "etag": "CAM=",
            "id": "b/priya-new-terraform-bucket/roles/storage.objectViewer/user:priya.soni@searce.com",
            "member": "user:priya.soni@searce.com",
            "role": "roles/storage.objectViewer"
          },
          "sensitive_attributes": [],
          "private": "bnVsbA==",
          "dependencies": [
            "module.gcs-bucket.google_storage_bucket.bucket"
          ]
        }
      ]
    }
  ]
}
